// !$*UTF8*$!
{
	archiveVersion = 1;
	classes = {
	};
	objectVersion = 50;
	objects = {

/* Begin PBXBuildFile section */
		F05AD74724E686AC00F42D40 /* AppDelegate.swift in Sources */ = {isa = PBXBuildFile; fileRef = F05AD74624E686AC00F42D40 /* AppDelegate.swift */; };
		F05AD74924E686AC00F42D40 /* SceneDelegate.swift in Sources */ = {isa = PBXBuildFile; fileRef = F05AD74824E686AC00F42D40 /* SceneDelegate.swift */; };
		F05AD74B24E686AC00F42D40 /* ViewController.swift in Sources */ = {isa = PBXBuildFile; fileRef = F05AD74A24E686AC00F42D40 /* ViewController.swift */; };
		F05AD74E24E686AC00F42D40 /* Main.storyboard in Resources */ = {isa = PBXBuildFile; fileRef = F05AD74C24E686AC00F42D40 /* Main.storyboard */; };
		F05AD75024E686B000F42D40 /* Assets.xcassets in Resources */ = {isa = PBXBuildFile; fileRef = F05AD74F24E686B000F42D40 /* Assets.xcassets */; };
		F05AD75324E686B000F42D40 /* LaunchScreen.storyboard in Resources */ = {isa = PBXBuildFile; fileRef = F05AD75124E686B000F42D40 /* LaunchScreen.storyboard */; };
		F05AD75E24E686B100F42D40 /* UnitTestTests.swift in Sources */ = {isa = PBXBuildFile; fileRef = F05AD75D24E686B100F42D40 /* UnitTestTests.swift */; };
		F05AD76924E686B100F42D40 /* UnitTestUITests.swift in Sources */ = {isa = PBXBuildFile; fileRef = F05AD76824E686B100F42D40 /* UnitTestUITests.swift */; };
		F05AD77924E6871700F42D40 /* Car.swift in Sources */ = {isa = PBXBuildFile; fileRef = F05AD77824E6871700F42D40 /* Car.swift */; };
		F05AD77D24E79A9E00F42D40 /* CarTests.swift in Sources */ = {isa = PBXBuildFile; fileRef = F05AD77A24E6888600F42D40 /* CarTests.swift */; };
/* End PBXBuildFile section */

/* Begin PBXContainerItemProxy section */
		F05AD75A24E686B100F42D40 /* PBXContainerItemProxy */ = {
			isa = PBXContainerItemProxy;
			containerPortal = F05AD73B24E686AC00F42D40 /* Project object */;
			proxyType = 1;
			remoteGlobalIDString = F05AD74224E686AC00F42D40;
			remoteInfo = UnitTest;
		};
		F05AD76524E686B100F42D40 /* PBXContainerItemProxy */ = {
			isa = PBXContainerItemProxy;
			containerPortal = F05AD73B24E686AC00F42D40 /* Project object */;
			proxyType = 1;
			remoteGlobalIDString = F05AD74224E686AC00F42D40;
			remoteInfo = UnitTest;
		};
/* End PBXContainerItemProxy section */

/* Begin PBXFileReference section */
		F05AD74324E686AC00F42D40 /* UnitTest.app */ = {isa = PBXFileReference; explicitFileType = wrapper.application; includeInIndex = 0; path = UnitTest.app; sourceTree = BUILT_PRODUCTS_DIR; };
		F05AD74624E686AC00F42D40 /* AppDelegate.swift */ = {isa = PBXFileReference; lastKnownFileType = sourcecode.swift; path = AppDelegate.swift; sourceTree = "<group>"; };
		F05AD74824E686AC00F42D40 /* SceneDelegate.swift */ = {isa = PBXFileReference; lastKnownFileType = sourcecode.swift; path = SceneDelegate.swift; sourceTree = "<group>"; };
		F05AD74A24E686AC00F42D40 /* ViewController.swift */ = {isa = PBXFileReference; lastKnownFileType = sourcecode.swift; path = ViewController.swift; sourceTree = "<group>"; };
		F05AD74D24E686AC00F42D40 /* Base */ = {isa = PBXFileReference; lastKnownFileType = file.storyboard; name = Base; path = Base.lproj/Main.storyboard; sourceTree = "<group>"; };
		F05AD74F24E686B000F42D40 /* Assets.xcassets */ = {isa = PBXFileReference; lastKnownFileType = folder.assetcatalog; path = Assets.xcassets; sourceTree = "<group>"; };
		F05AD75224E686B000F42D40 /* Base */ = {isa = PBXFileReference; lastKnownFileType = file.storyboard; name = Base; path = Base.lproj/LaunchScreen.storyboard; sourceTree = "<group>"; };
		F05AD75424E686B000F42D40 /* Info.plist */ = {isa = PBXFileReference; lastKnownFileType = text.plist.xml; path = Info.plist; sourceTree = "<group>"; };
		F05AD75924E686B100F42D40 /* UnitTestTests.xctest */ = {isa = PBXFileReference; explicitFileType = wrapper.cfbundle; includeInIndex = 0; path = UnitTestTests.xctest; sourceTree = BUILT_PRODUCTS_DIR; };
		F05AD75D24E686B100F42D40 /* UnitTestTests.swift */ = {isa = PBXFileReference; lastKnownFileType = sourcecode.swift; path = UnitTestTests.swift; sourceTree = "<group>"; };
		F05AD75F24E686B100F42D40 /* Info.plist */ = {isa = PBXFileReference; lastKnownFileType = text.plist.xml; path = Info.plist; sourceTree = "<group>"; };
		F05AD76424E686B100F42D40 /* UnitTestUITests.xctest */ = {isa = PBXFileReference; explicitFileType = wrapper.cfbundle; includeInIndex = 0; path = UnitTestUITests.xctest; sourceTree = BUILT_PRODUCTS_DIR; };
		F05AD76824E686B100F42D40 /* UnitTestUITests.swift */ = {isa = PBXFileReference; lastKnownFileType = sourcecode.swift; path = UnitTestUITests.swift; sourceTree = "<group>"; };
		F05AD76A24E686B100F42D40 /* Info.plist */ = {isa = PBXFileReference; lastKnownFileType = text.plist.xml; path = Info.plist; sourceTree = "<group>"; };
		F05AD77824E6871700F42D40 /* Car.swift */ = {isa = PBXFileReference; lastKnownFileType = sourcecode.swift; path = Car.swift; sourceTree = "<group>"; };
		F05AD77A24E6888600F42D40 /* CarTests.swift */ = {isa = PBXFileReference; lastKnownFileType = sourcecode.swift; path = CarTests.swift; sourceTree = "<group>"; };
/* End PBXFileReference section */

/* Begin PBXFrameworksBuildPhase section */
		F05AD74024E686AC00F42D40 /* Frameworks */ = {
			isa = PBXFrameworksBuildPhase;
			buildActionMask = 2147483647;
			files = (
			);
			runOnlyForDeploymentPostprocessing = 0;
		};
		F05AD75624E686B100F42D40 /* Frameworks */ = {
			isa = PBXFrameworksBuildPhase;
			buildActionMask = 2147483647;
			files = (
			);
			runOnlyForDeploymentPostprocessing = 0;
		};
		F05AD76124E686B100F42D40 /* Frameworks */ = {
			isa = PBXFrameworksBuildPhase;
			buildActionMask = 2147483647;
			files = (
			);
			runOnlyForDeploymentPostprocessing = 0;
		};
/* End PBXFrameworksBuildPhase section */

/* Begin PBXGroup section */
		F05AD73A24E686AC00F42D40 = {
			isa = PBXGroup;
			children = (
				F05AD74524E686AC00F42D40 /* UnitTest */,
				F05AD75C24E686B100F42D40 /* UnitTestTests */,
				F05AD76724E686B100F42D40 /* UnitTestUITests */,
				F05AD74424E686AC00F42D40 /* Products */,
			);
			sourceTree = "<group>";
		};
		F05AD74424E686AC00F42D40 /* Products */ = {
			isa = PBXGroup;
			children = (
				F05AD74324E686AC00F42D40 /* UnitTest.app */,
				F05AD75924E686B100F42D40 /* UnitTestTests.xctest */,
				F05AD76424E686B100F42D40 /* UnitTestUITests.xctest */,
			);
			name = Products;
			sourceTree = "<group>";
		};
		F05AD74524E686AC00F42D40 /* UnitTest */ = {
			isa = PBXGroup;
			children = (
				F05AD74624E686AC00F42D40 /* AppDelegate.swift */,
				F05AD74824E686AC00F42D40 /* SceneDelegate.swift */,
				F05AD77824E6871700F42D40 /* Car.swift */,
				F05AD77A24E6888600F42D40 /* CarTests.swift */,
				F05AD74A24E686AC00F42D40 /* ViewController.swift */,
				F05AD74C24E686AC00F42D40 /* Main.storyboard */,
				F05AD74F24E686B000F42D40 /* Assets.xcassets */,
				F05AD75124E686B000F42D40 /* LaunchScreen.storyboard */,
				F05AD75424E686B000F42D40 /* Info.plist */,
			);
			path = UnitTest;
			sourceTree = "<group>";
		};
		F05AD75C24E686B100F42D40 /* UnitTestTests */ = {
			isa = PBXGroup;
			children = (
				F05AD75D24E686B100F42D40 /* UnitTestTests.swift */,
				F05AD75F24E686B100F42D40 /* Info.plist */,
			);
			path = UnitTestTests;
			sourceTree = "<group>";
		};
		F05AD76724E686B100F42D40 /* UnitTestUITests */ = {
			isa = PBXGroup;
			children = (
				F05AD76824E686B100F42D40 /* UnitTestUITests.swift */,
				F05AD76A24E686B100F42D40 /* Info.plist */,
			);
			path = UnitTestUITests;
			sourceTree = "<group>";
		};
/* End PBXGroup section */

/* Begin PBXNativeTarget section */
		F05AD74224E686AC00F42D40 /* UnitTest */ = {
			isa = PBXNativeTarget;
			buildConfigurationList = F05AD76D24E686B100F42D40 /* Build configuration list for PBXNativeTarget "UnitTest" */;
			buildPhases = (
				F05AD73F24E686AC00F42D40 /* Sources */,
				F05AD74024E686AC00F42D40 /* Frameworks */,
				F05AD74124E686AC00F42D40 /* Resources */,
			);
			buildRules = (
			);
			dependencies = (
			);
			name = UnitTest;
			productName = UnitTest;
			productReference = F05AD74324E686AC00F42D40 /* UnitTest.app */;
			productType = "com.apple.product-type.application";
		};
		F05AD75824E686B100F42D40 /* UnitTestTests */ = {
			isa = PBXNativeTarget;
			buildConfigurationList = F05AD77024E686B100F42D40 /* Build configuration list for PBXNativeTarget "UnitTestTests" */;
			buildPhases = (
				F05AD75524E686B100F42D40 /* Sources */,
				F05AD75624E686B100F42D40 /* Frameworks */,
				F05AD75724E686B100F42D40 /* Resources */,
			);
			buildRules = (
			);
			dependencies = (
				F05AD75B24E686B100F42D40 /* PBXTargetDependency */,
			);
			name = UnitTestTests;
			productName = UnitTestTests;
			productReference = F05AD75924E686B100F42D40 /* UnitTestTests.xctest */;
			productType = "com.apple.product-type.bundle.unit-test";
		};
		F05AD76324E686B100F42D40 /* UnitTestUITests */ = {
			isa = PBXNativeTarget;
			buildConfigurationList = F05AD77324E686B100F42D40 /* Build configuration list for PBXNativeTarget "UnitTestUITests" */;
			buildPhases = (
				F05AD76024E686B100F42D40 /* Sources */,
				F05AD76124E686B100F42D40 /* Frameworks */,
				F05AD76224E686B100F42D40 /* Resources */,
			);
			buildRules = (
			);
			dependencies = (
				F05AD76624E686B100F42D40 /* PBXTargetDependency */,
			);
			name = UnitTestUITests;
			productName = UnitTestUITests;
			productReference = F05AD76424E686B100F42D40 /* UnitTestUITests.xctest */;
			productType = "com.apple.product-type.bundle.ui-testing";
		};
/* End PBXNativeTarget section */

/* Begin PBXProject section */
		F05AD73B24E686AC00F42D40 /* Project object */ = {
			isa = PBXProject;
			attributes = {
				LastSwiftUpdateCheck = 1160;
				LastUpgradeCheck = 1160;
				ORGANIZATIONNAME = Jony;
				TargetAttributes = {
					F05AD74224E686AC00F42D40 = {
						CreatedOnToolsVersion = 11.6;
					};
					F05AD75824E686B100F42D40 = {
						CreatedOnToolsVersion = 11.6;
						TestTargetID = F05AD74224E686AC00F42D40;
					};
					F05AD76324E686B100F42D40 = {
						CreatedOnToolsVersion = 11.6;
						TestTargetID = F05AD74224E686AC00F42D40;
					};
				};
			};
			buildConfigurationList = F05AD73E24E686AC00F42D40 /* Build configuration list for PBXProject "UnitTest" */;
			compatibilityVersion = "Xcode 9.3";
			developmentRegion = en;
			hasScannedForEncodings = 0;
			knownRegions = (
				en,
				Base,
			);
			mainGroup = F05AD73A24E686AC00F42D40;
			productRefGroup = F05AD74424E686AC00F42D40 /* Products */;
			projectDirPath = "";
			projectRoot = "";
			targets = (
				F05AD74224E686AC00F42D40 /* UnitTest */,
				F05AD75824E686B100F42D40 /* UnitTestTests */,
				F05AD76324E686B100F42D40 /* UnitTestUITests */,
			);
		};
/* End PBXProject section */

/* Begin PBXResourcesBuildPhase section */
		F05AD74124E686AC00F42D40 /* Resources */ = {
			isa = PBXResourcesBuildPhase;
			buildActionMask = 2147483647;
			files = (
				F05AD75324E686B000F42D40 /* LaunchScreen.storyboard in Resources */,
				F05AD75024E686B000F42D40 /* Assets.xcassets in Resources */,
				F05AD74E24E686AC00F42D40 /* Main.storyboard in Resources */,
			);
			runOnlyForDeploymentPostprocessing = 0;
		};
		F05AD75724E686B100F42D40 /* Resources */ = {
			isa = PBXResourcesBuildPhase;
			buildActionMask = 2147483647;
			files = (
			);
			runOnlyForDeploymentPostprocessing = 0;
		};
		F05AD76224E686B100F42D40 /* Resources */ = {
			isa = PBXResourcesBuildPhase;
			buildActionMask = 2147483647;
			files = (
			);
			runOnlyForDeploymentPostprocessing = 0;
		};
/* End PBXResourcesBuildPhase section */

/* Begin PBXSourcesBuildPhase section */
		F05AD73F24E686AC00F42D40 /* Sources */ = {
			isa = PBXSourcesBuildPhase;
			buildActionMask = 2147483647;
			files = (
				F05AD74B24E686AC00F42D40 /* ViewController.swift in Sources */,
				F05AD74724E686AC00F42D40 /* AppDelegate.swift in Sources */,
				F05AD77924E6871700F42D40 /* Car.swift in Sources */,
				F05AD74924E686AC00F42D40 /* SceneDelegate.swift in Sources */,
			);
			runOnlyForDeploymentPostprocessing = 0;
		};
		F05AD75524E686B100F42D40 /* Sources */ = {
			isa = PBXSourcesBuildPhase;
			buildActionMask = 2147483647;
			files = (
				F05AD77D24E79A9E00F42D40 /* CarTests.swift in Sources */,
				F05AD75E24E686B100F42D40 /* UnitTestTests.swift in Sources */,
			);
			runOnlyForDeploymentPostprocessing = 0;
		};
		F05AD76024E686B100F42D40 /* Sources */ = {
			isa = PBXSourcesBuildPhase;
			buildActionMask = 2147483647;
			files = (
				F05AD76924E686B100F42D40 /* UnitTestUITests.swift in Sources */,
			);
			runOnlyForDeploymentPostprocessing = 0;
		};
/* End PBXSourcesBuildPhase section */

/* Begin PBXTargetDependency section */
		F05AD75B24E686B100F42D40 /* PBXTargetDependency */ = {
			isa = PBXTargetDependency;
			target = F05AD74224E686AC00F42D40 /* UnitTest */;
			targetProxy = F05AD75A24E686B100F42D40 /* PBXContainerItemProxy */;
		};
		F05AD76624E686B100F42D40 /* PBXTargetDependency */ = {
			isa = PBXTargetDependency;
			target = F05AD74224E686AC00F42D40 /* UnitTest */;
			targetProxy = F05AD76524E686B100F42D40 /* PBXContainerItemProxy */;
		};
/* End PBXTargetDependency section */

/* Begin PBXVariantGroup section */
		F05AD74C24E686AC00F42D40 /* Main.storyboard */ = {
			isa = PBXVariantGroup;
			children = (
				F05AD74D24E686AC00F42D40 /* Base */,
			);
			name = Main.storyboard;
			sourceTree = "<group>";
		};
		F05AD75124E686B000F42D40 /* LaunchScreen.storyboard */ = {
			isa = PBXVariantGroup;
			children = (
				F05AD75224E686B000F42D40 /* Base */,
			);
			name = LaunchScreen.storyboard;
			sourceTree = "<group>";
		};
/* End PBXVariantGroup section */

/* Begin XCBuildConfiguration section */
		F05AD76B24E686B100F42D40 /* Debug */ = {
			isa = XCBuildConfiguration;
			buildSettings = {
				ALWAYS_SEARCH_USER_PATHS = NO;
				CLANG_ANALYZER_NONNULL = YES;
				CLANG_ANALYZER_NUMBER_OBJECT_CONVERSION = YES_AGGRESSIVE;
				CLANG_CXX_LANGUAGE_STANDARD = "gnu++14";
				CLANG_CXX_LIBRARY = "libc++";
				CLANG_ENABLE_MODULES = YES;
				CLANG_ENABLE_OBJC_ARC = YES;
				CLANG_ENABLE_OBJC_WEAK = YES;
				CLANG_WARN_BLOCK_CAPTURE_AUTORELEASING = YES;
				CLANG_WARN_BOOL_CONVERSION = YES;
				CLANG_WARN_COMMA = YES;
				CLANG_WARN_CONSTANT_CONVERSION = YES;
				CLANG_WARN_DEPRECATED_OBJC_IMPLEMENTATIONS = YES;
				CLANG_WARN_DIRECT_OBJC_ISA_USAGE = YES_ERROR;
				CLANG_WARN_DOCUMENTATION_COMMENTS = YES;
				CLANG_WARN_EMPTY_BODY = YES;
				CLANG_WARN_ENUM_CONVERSION = YES;
				CLANG_WARN_INFINITE_RECURSION = YES;
				CLANG_WARN_INT_CONVERSION = YES;
				CLANG_WARN_NON_LITERAL_NULL_CONVERSION = YES;
				CLANG_WARN_OBJC_IMPLICIT_RETAIN_SELF = YES;
				CLANG_WARN_OBJC_LITERAL_CONVERSION = YES;
				CLANG_WARN_OBJC_ROOT_CLASS = YES_ERROR;
				CLANG_WARN_RANGE_LOOP_ANALYSIS = YES;
				CLANG_WARN_STRICT_PROTOTYPES = YES;
				CLANG_WARN_SUSPICIOUS_MOVE = YES;
				CLANG_WARN_UNGUARDED_AVAILABILITY = YES_AGGRESSIVE;
				CLANG_WARN_UNREACHABLE_CODE = YES;
				CLANG_WARN__DUPLICATE_METHOD_MATCH = YES;
				COPY_PHASE_STRIP = NO;
				DEBUG_INFORMATION_FORMAT = dwarf;
				ENABLE_STRICT_OBJC_MSGSEND = YES;
				ENABLE_TESTABILITY = YES;
				GCC_C_LANGUAGE_STANDARD = gnu11;
				GCC_DYNAMIC_NO_PIC = NO;
				GCC_NO_COMMON_BLOCKS = YES;
				GCC_OPTIMIZATION_LEVEL = 0;
				GCC_PREPROCESSOR_DEFINITIONS = (
					"DEBUG=1",
					"$(inherited)",
				);
				GCC_WARN_64_TO_32_BIT_CONVERSION = YES;
				GCC_WARN_ABOUT_RETURN_TYPE = YES_ERROR;
				GCC_WARN_UNDECLARED_SELECTOR = YES;
				GCC_WARN_UNINITIALIZED_AUTOS = YES_AGGRESSIVE;
				GCC_WARN_UNUSED_FUNCTION = YES;
				GCC_WARN_UNUSED_VARIABLE = YES;
				IPHONEOS_DEPLOYMENT_TARGET = 13.6;
				MTL_ENABLE_DEBUG_INFO = INCLUDE_SOURCE;
				MTL_FAST_MATH = YES;
				ONLY_ACTIVE_ARCH = YES;
				SDKROOT = iphoneos;
				SWIFT_ACTIVE_COMPILATION_CONDITIONS = DEBUG;
				SWIFT_OPTIMIZATION_LEVEL = "-Onone";
			};
			name = Debug;
		};
		F05AD76C24E686B100F42D40 /* Release */ = {
			isa = XCBuildConfiguration;
			buildSettings = {
				ALWAYS_SEARCH_USER_PATHS = NO;
				CLANG_ANALYZER_NONNULL = YES;
				CLANG_ANALYZER_NUMBER_OBJECT_CONVERSION = YES_AGGRESSIVE;
				CLANG_CXX_LANGUAGE_STANDARD = "gnu++14";
				CLANG_CXX_LIBRARY = "libc++";
				CLANG_ENABLE_MODULES = YES;
				CLANG_ENABLE_OBJC_ARC = YES;
				CLANG_ENABLE_OBJC_WEAK = YES;
				CLANG_WARN_BLOCK_CAPTURE_AUTORELEASING = YES;
				CLANG_WARN_BOOL_CONVERSION = YES;
				CLANG_WARN_COMMA = YES;
				CLANG_WARN_CONSTANT_CONVERSION = YES;
				CLANG_WARN_DEPRECATED_OBJC_IMPLEMENTATIONS = YES;
				CLANG_WARN_DIRECT_OBJC_ISA_USAGE = YES_ERROR;
				CLANG_WARN_DOCUMENTATION_COMMENTS = YES;
				CLANG_WARN_EMPTY_BODY = YES;
				CLANG_WARN_ENUM_CONVERSION = YES;
				CLANG_WARN_INFINITE_RECURSION = YES;
				CLANG_WARN_INT_CONVERSION = YES;
				CLANG_WARN_NON_LITERAL_NULL_CONVERSION = YES;
				CLANG_WARN_OBJC_IMPLICIT_RETAIN_SELF = YES;
				CLANG_WARN_OBJC_LITERAL_CONVERSION = YES;
				CLANG_WARN_OBJC_ROOT_CLASS = YES_ERROR;
				CLANG_WARN_RANGE_LOOP_ANALYSIS = YES;
				CLANG_WARN_STRICT_PROTOTYPES = YES;
				CLANG_WARN_SUSPICIOUS_MOVE = YES;
				CLANG_WARN_UNGUARDED_AVAILABILITY = YES_AGGRESSIVE;
				CLANG_WARN_UNREACHABLE_CODE = YES;
				CLANG_WARN__DUPLICATE_METHOD_MATCH = YES;
				COPY_PHASE_STRIP = NO;
				DEBUG_INFORMATION_FORMAT = "dwarf-with-dsym";
				ENABLE_NS_ASSERTIONS = NO;
				ENABLE_STRICT_OBJC_MSGSEND = YES;
				GCC_C_LANGUAGE_STANDARD = gnu11;
				GCC_NO_COMMON_BLOCKS = YES;
				GCC_WARN_64_TO_32_BIT_CONVERSION = YES;
				GCC_WARN_ABOUT_RETURN_TYPE = YES_ERROR;
				GCC_WARN_UNDECLARED_SELECTOR = YES;
				GCC_WARN_UNINITIALIZED_AUTOS = YES_AGGRESSIVE;
				GCC_WARN_UNUSED_FUNCTION = YES;
				GCC_WARN_UNUSED_VARIABLE = YES;
				IPHONEOS_DEPLOYMENT_TARGET = 13.6;
				MTL_ENABLE_DEBUG_INFO = NO;
				MTL_FAST_MATH = YES;
				SDKROOT = iphoneos;
				SWIFT_COMPILATION_MODE = wholemodule;
				SWIFT_OPTIMIZATION_LEVEL = "-O";
				VALIDATE_PRODUCT = YES;
			};
			name = Release;
		};
		F05AD76E24E686B100F42D40 /* Debug */ = {
			isa = XCBuildConfiguration;
			buildSettings = {
				ASSETCATALOG_COMPILER_APPICON_NAME = AppIcon;
				CODE_SIGN_STYLE = Automatic;
				INFOPLIST_FILE = UnitTest/Info.plist;
				LD_RUNPATH_SEARCH_PATHS = (
					"$(inherited)",
					"@executable_path/Frameworks",
				);
				PRODUCT_BUNDLE_IDENTIFIER = MIND.UnitTest;
				PRODUCT_NAME = "$(TARGET_NAME)";
				SWIFT_VERSION = 5.0;
				TARGETED_DEVICE_FAMILY = "1,2";
			};
			name = Debug;
		};
		F05AD76F24E686B100F42D40 /* Release */ = {
			isa = XCBuildConfiguration;
			buildSettings = {
				ASSETCATALOG_COMPILER_APPICON_NAME = AppIcon;
				CODE_SIGN_STYLE = Automatic;
				INFOPLIST_FILE = UnitTest/Info.plist;
				LD_RUNPATH_SEARCH_PATHS = (
					"$(inherited)",
					"@executable_path/Frameworks",
				);
				PRODUCT_BUNDLE_IDENTIFIER = MIND.UnitTest;
				PRODUCT_NAME = "$(TARGET_NAME)";
				SWIFT_VERSION = 5.0;
				TARGETED_DEVICE_FAMILY = "1,2";
			};
			name = Release;
		};
		F05AD77124E686B100F42D40 /* Debug */ = {
			isa = XCBuildConfiguration;
			buildSettings = {
				ALWAYS_EMBED_SWIFT_STANDARD_LIBRARIES = YES;
				BUNDLE_LOADER = "$(TEST_HOST)";
				CODE_SIGN_STYLE = Automatic;
				INFOPLIST_FILE = UnitTestTests/Info.plist;
				IPHONEOS_DEPLOYMENT_TARGET = 13.6;
				LD_RUNPATH_SEARCH_PATHS = (
					"$(inherited)",
					"@executable_path/Frameworks",
					"@loader_path/Frameworks",
				);
				PRODUCT_BUNDLE_IDENTIFIER = MIND.UnitTestTests;
				PRODUCT_NAME = "$(TARGET_NAME)";
				SWIFT_VERSION = 5.0;
				TARGETED_DEVICE_FAMILY = "1,2";
				TEST_HOST = "$(BUILT_PRODUCTS_DIR)/UnitTest.app/UnitTest";
			};
			name = Debug;
		};
		F05AD77224E686B100F42D40 /* Release */ = {
			isa = XCBuildConfiguration;
			buildSettings = {
				ALWAYS_EMBED_SWIFT_STANDARD_LIBRARIES = YES;
				BUNDLE_LOADER = "$(TEST_HOST)";
				CODE_SIGN_STYLE = Automatic;
				INFOPLIST_FILE = UnitTestTests/Info.plist;
				IPHONEOS_DEPLOYMENT_TARGET = 13.6;
				LD_RUNPATH_SEARCH_PATHS = (
					"$(inherited)",
					"@executable_path/Frameworks",
					"@loader_path/Frameworks",
				);
				PRODUCT_BUNDLE_IDENTIFIER = MIND.UnitTestTests;
				PRODUCT_NAME = "$(TARGET_NAME)";
				SWIFT_VERSION = 5.0;
				TARGETED_DEVICE_FAMILY = "1,2";
				TEST_HOST = "$(BUILT_PRODUCTS_DIR)/UnitTest.app/UnitTest";
			};
			name = Release;
		};
		F05AD77424E686B100F42D40 /* Debug */ = {
			isa = XCBuildConfiguration;
			buildSettings = {
				ALWAYS_EMBED_SWIFT_STANDARD_LIBRARIES = YES;
				CODE_SIGN_STYLE = Automatic;
				INFOPLIST_FILE = UnitTestUITests/Info.plist;
				LD_RUNPATH_SEARCH_PATHS = (
					"$(inherited)",
					"@executable_path/Frameworks",
					"@loader_path/Frameworks",
				);
				PRODUCT_BUNDLE_IDENTIFIER = MIND.UnitTestUITests;
				PRODUCT_NAME = "$(TARGET_NAME)";
				SWIFT_VERSION = 5.0;
				TARGETED_DEVICE_FAMILY = "1,2";
				TEST_TARGET_NAME = UnitTest;
			};
			name = Debug;
		};
		F05AD77524E686B100F42D40 /* Release */ = {
			isa = XCBuildConfiguration;
			buildSettings = {
				ALWAYS_EMBED_SWIFT_STANDARD_LIBRARIES = YES;
				CODE_SIGN_STYLE = Automatic;
				INFOPLIST_FILE = UnitTestUITests/Info.plist;
				LD_RUNPATH_SEARCH_PATHS = (
					"$(inherited)",
					"@executable_path/Frameworks",
					"@loader_path/Frameworks",
				);
				PRODUCT_BUNDLE_IDENTIFIER = MIND.UnitTestUITests;
				PRODUCT_NAME = "$(TARGET_NAME)";
				SWIFT_VERSION = 5.0;
				TARGETED_DEVICE_FAMILY = "1,2";
				TEST_TARGET_NAME = UnitTest;
			};
			name = Release;
		};
/* End XCBuildConfiguration section */

/* Begin XCConfigurationList section */
		F05AD73E24E686AC00F42D40 /* Build configuration list for PBXProject "UnitTest" */ = {
			isa = XCConfigurationList;
			buildConfigurations = (
				F05AD76B24E686B100F42D40 /* Debug */,
				F05AD76C24E686B100F42D40 /* Release */,
			);
			defaultConfigurationIsVisible = 0;
			defaultConfigurationName = Release;
		};
		F05AD76D24E686B100F42D40 /* Build configuration list for PBXNativeTarget "UnitTest" */ = {
			isa = XCConfigurationList;
			buildConfigurations = (
				F05AD76E24E686B100F42D40 /* Debug */,
				F05AD76F24E686B100F42D40 /* Release */,
			);
			defaultConfigurationIsVisible = 0;
			defaultConfigurationName = Release;
		};
		F05AD77024E686B100F42D40 /* Build configuration list for PBXNativeTarget "UnitTestTests" */ = {
			isa = XCConfigurationList;
			buildConfigurations = (
				F05AD77124E686B100F42D40 /* Debug */,
				F05AD77224E686B100F42D40 /* Release */,
			);
			defaultConfigurationIsVisible = 0;
			defaultConfigurationName = Release;
		};
		F05AD77324E686B100F42D40 /* Build configuration list for PBXNativeTarget "UnitTestUITests" */ = {
			isa = XCConfigurationList;
			buildConfigurations = (
				F05AD77424E686B100F42D40 /* Debug */,
				F05AD77524E686B100F42D40 /* Release */,
			);
			defaultConfigurationIsVisible = 0;
			defaultConfigurationName = Release;
		};
/* End XCConfigurationList section */
	};
	rootObject = F05AD73B24E686AC00F42D40 /* Project object */;
}
